
Microsoft Visual Studio Solution File, Format Version 12.00
# Visual Studio Version 16
VisualStudioVersion = 16.0.31410.357
MinimumVisualStudioVersion = 10.0.40219.1
Project("{FAE04EC0-301F-11D3-BF4B-00C04F79EFBC}") = "ns_app.UWP", "ns_app\ns_app.UWP\ns_app.UWP.csproj", "{499AF8EE-BD15-4BDD-B68F-97CA6A6A1266}"
EndProject
Project("{FAE04EC0-301F-11D3-BF4B-00C04F79EFBC}") = "ns_app.Android", "ns_app\ns_app.Android\ns_app.Android.csproj", "{037CBFB1-0330-44DA-8BB4-BAF4E76345BA}"
EndProject
Project("{FAE04EC0-301F-11D3-BF4B-00C04F79EFBC}") = "ns_app.iOS", "ns_app\ns_app.iOS\ns_app.iOS.csproj", "{5D1EA945-2E10-419F-B355-A88899F58A12}"
EndProject
Project("{FAE04EC0-301F-11D3-BF4B-00C04F79EFBC}") = "ns_app", "ns_app\ns_app\ns_app.csproj", "{5863EAE4-944E-46F8-AF94-3282BC6355B0}"
EndProject
Global
	GlobalSection(SolutionConfigurationPlatforms) = preSolution
		Debug|Any CPU = Debug|Any CPU
		Debug|ARM = Debug|ARM
		Debug|iPhone = Debug|iPhone
		Debug|iPhoneSimulator = Debug|iPhoneSimulator
		Debug|x64 = Debug|x64
		Debug|x86 = Debug|x86
		Release|Any CPU = Release|Any CPU
		Release|ARM = Release|ARM
		Release|iPhone = Release|iPhone
		Release|iPhoneSimulator = Release|iPhoneSimulator
		Release|x64 = Release|x64
		Release|x86 = Release|x86
	EndGlobalSection
	GlobalSection(ProjectConfigurationPlatforms) = postSolution
		{499AF8EE-BD15-4BDD-B68F-97CA6A6A1266}.Debug|Any CPU.ActiveCfg = Debug|x86
		{499AF8EE-BD15-4BDD-B68F-97CA6A6A1266}.Debug|Any CPU.Build.0 = Debug|x86
		{499AF8EE-BD15-4BDD-B68F-97CA6A6A1266}.Debug|Any CPU.Deploy.0 = Debug|x86
		{499AF8EE-BD15-4BDD-B68F-97CA6A6A1266}.Debug|ARM.ActiveCfg = Debug|ARM
		{499AF8EE-BD15-4BDD-B68F-97CA6A6A1266}.Debug|ARM.Build.0 = Debug|ARM
		{499AF8EE-BD15-4BDD-B68F-97CA6A6A1266}.Debug|ARM.Deploy.0 = Debug|ARM
		{499AF8EE-BD15-4BDD-B68F-97CA6A6A1266}.Debug|iPhone.ActiveCfg = Debug|x86
		{499AF8EE-BD15-4BDD-B68F-97CA6A6A1266}.Debug|iPhone.Build.0 = Debug|x86
		{499AF8EE-BD15-4BDD-B68F-97CA6A6A1266}.Debug|iPhone.Deploy.0 = Debug|x86
		{499AF8EE-BD15-4BDD-B68F-97CA6A6A1266}.Debug|iPhoneSimulator.ActiveCfg = Debug|x86
		{499AF8EE-BD15-4BDD-B68F-97CA6A6A1266}.Debug|iPhoneSimulator.Build.0 = Debug|x86
		{499AF8EE-BD15-4BDD-B68F-97CA6A6A1266}.Debug|iPhoneSimulator.Deploy.0 = Debug|x86
		{499AF8EE-BD15-4BDD-B68F-97CA6A6A1266}.Debug|x64.ActiveCfg = Debug|x64
		{499AF8EE-BD15-4BDD-B68F-97CA6A6A1266}.Debug|x64.Build.0 = Debug|x64
		{499AF8EE-BD15-4BDD-B68F-97CA6A6A1266}.Debug|x64.Deploy.0 = Debug|x64
		{499AF8EE-BD15-4BDD-B68F-97CA6A6A1266}.Debug|x86.ActiveCfg = Debug|x86
		{499AF8EE-BD15-4BDD-B68F-97CA6A6A1266}.Debug|x86.Build.0 = Debug|x86
		{499AF8EE-BD15-4BDD-B68F-97CA6A6A1266}.Debug|x86.Deploy.0 = Debug|x86
		{499AF8EE-BD15-4BDD-B68F-97CA6A6A1266}.Release|Any CPU.ActiveCfg = Release|x86
		{499AF8EE-BD15-4BDD-B68F-97CA6A6A1266}.Release|Any CPU.Build.0 = Release|x86
		{499AF8EE-BD15-4BDD-B68F-97CA6A6A1266}.Release|Any CPU.Deploy.0 = Release|x86
		{499AF8EE-BD15-4BDD-B68F-97CA6A6A1266}.Release|ARM.ActiveCfg = Release|ARM
		{499AF8EE-BD15-4BDD-B68F-97CA6A6A1266}.Release|ARM.Build.0 = Release|ARM
		{499AF8EE-BD15-4BDD-B68F-97CA6A6A1266}.Release|ARM.Deploy.0 = Release|ARM
		{499AF8EE-BD15-4BDD-B68F-97CA6A6A1266}.Release|iPhone.ActiveCfg = Release|x86
		{499AF8EE-BD15-4BDD-B68F-97CA6A6A1266}.Release|iPhone.Build.0 = Release|x86
		{499AF8EE-BD15-4BDD-B68F-97CA6A6A1266}.Release|iPhone.Deploy.0 = Release|x86
		{499AF8EE-BD15-4BDD-B68F-97CA6A6A1266}.Release|iPhoneSimulator.ActiveCfg = Release|x86
		{499AF8EE-BD15-4BDD-B68F-97CA6A6A1266}.Release|iPhoneSimulator.Build.0 = Release|x86
		{499AF8EE-BD15-4BDD-B68F-97CA6A6A1266}.Release|iPhoneSimulator.Deploy.0 = Release|x86
		{499AF8EE-BD15-4BDD-B68F-97CA6A6A1266}.Release|x64.ActiveCfg = Release|x64
		{499AF8EE-BD15-4BDD-B68F-97CA6A6A1266}.Release|x64.Build.0 = Release|x64
		{499AF8EE-BD15-4BDD-B68F-97CA6A6A1266}.Release|x64.Deploy.0 = Release|x64
		{499AF8EE-BD15-4BDD-B68F-97CA6A6A1266}.Release|x86.ActiveCfg = Release|x86
		{499AF8EE-BD15-4BDD-B68F-97CA6A6A1266}.Release|x86.Build.0 = Release|x86
		{499AF8EE-BD15-4BDD-B68F-97CA6A6A1266}.Release|x86.Deploy.0 = Release|x86
		{037CBFB1-0330-44DA-8BB4-BAF4E76345BA}.Debug|Any CPU.ActiveCfg = Debug|Any CPU
		{037CBFB1-0330-44DA-8BB4-BAF4E76345BA}.Debug|Any CPU.Build.0 = Debug|Any CPU
		{037CBFB1-0330-44DA-8BB4-BAF4E76345BA}.Debug|Any CPU.Deploy.0 = Debug|Any CPU
		{037CBFB1-0330-44DA-8BB4-BAF4E76345BA}.Debug|ARM.ActiveCfg = Debug|Any CPU
		{037CBFB1-0330-44DA-8BB4-BAF4E76345BA}.Debug|ARM.Build.0 = Debug|Any CPU
		{037CBFB1-0330-44DA-8BB4-BAF4E76345BA}.Debug|ARM.Deploy.0 = Debug|Any CPU
		{037CBFB1-0330-44DA-8BB4-BAF4E76345BA}.Debug|iPhone.ActiveCfg = Debug|Any CPU
		{037CBFB1-0330-44DA-8BB4-BAF4E76345BA}.Debug|iPhone.Build.0 = Debug|Any CPU
		{037CBFB1-0330-44DA-8BB4-BAF4E76345BA}.Debug|iPhone.Deploy.0 = Debug|Any CPU
		{037CBFB1-0330-44DA-8BB4-BAF4E76345BA}.Debug|iPhoneSimulator.ActiveCfg = Debug|Any CPU
		{037CBFB1-0330-44DA-8BB4-BAF4E76345BA}.Debug|iPhoneSimulator.Build.0 = Debug|Any CPU
		{037CBFB1-0330-44DA-8BB4-BAF4E76345BA}.Debug|iPhoneSimulator.Deploy.0 = Debug|Any CPU
		{037CBFB1-0330-44DA-8BB4-BAF4E76345BA}.Debug|x64.ActiveCfg = Debug|Any CPU
		{037CBFB1-0330-44DA-8BB4-BAF4E76345BA}.Debug|x64.Build.0 = Debug|Any CPU
		{037CBFB1-0330-44DA-8BB4-BAF4E76345BA}.Debug|x64.Deploy.0 = Debug|Any CPU
		{037CBFB1-0330-44DA-8BB4-BAF4E76345BA}.Debug|x86.ActiveCfg = Debug|Any CPU
		{037CBFB1-0330-44DA-8BB4-BAF4E76345BA}.Debug|x86.Build.0 = Debug|Any CPU
		{037CBFB1-0330-44DA-8BB4-BAF4E76345BA}.Debug|x86.Deploy.0 = Debug|Any CPU
		{037CBFB1-0330-44DA-8BB4-BAF4E76345BA}.Release|Any CPU.ActiveCfg = Release|Any CPU
		{037CBFB1-0330-44DA-8BB4-BAF4E76345BA}.Release|Any CPU.Build.0 = Release|Any CPU
		{037CBFB1-0330-44DA-8BB4-BAF4E76345BA}.Release|Any CPU.Deploy.0 = Release|Any CPU
		{037CBFB1-0330-44DA-8BB4-BAF4E76345BA}.Release|ARM.ActiveCfg = Release|Any CPU
		{037CBFB1-0330-44DA-8BB4-BAF4E76345BA}.Release|ARM.Build.0 = Release|Any CPU
		{037CBFB1-0330-44DA-8BB4-BAF4E76345BA}.Release|ARM.Deploy.0 = Release|Any CPU
		{037CBFB1-0330-44DA-8BB4-BAF4E76345BA}.Release|iPhone.ActiveCfg = Release|Any CPU
		{037CBFB1-0330-44DA-8BB4-BAF4E76345BA}.Release|iPhone.Build.0 = Release|Any CPU
		{037CBFB1-0330-44DA-8BB4-BAF4E76345BA}.Release|iPhone.Deploy.0 = Release|Any CPU
		{037CBFB1-0330-44DA-8BB4-BAF4E76345BA}.Release|iPhoneSimulator.ActiveCfg = Release|Any CPU
		{037CBFB1-0330-44DA-8BB4-BAF4E76345BA}.Release|iPhoneSimulator.Build.0 = Release|Any CPU
		{037CBFB1-0330-44DA-8BB4-BAF4E76345BA}.Release|iPhoneSimulator.Deploy.0 = Release|Any CPU
		{037CBFB1-0330-44DA-8BB4-BAF4E76345BA}.Release|x64.ActiveCfg = Release|Any CPU
		{037CBFB1-0330-44DA-8BB4-BAF4E76345BA}.Release|x64.Build.0 = Release|Any CPU
		{037CBFB1-0330-44DA-8BB4-BAF4E76345BA}.Release|x64.Deploy.0 = Release|Any CPU
		{037CBFB1-0330-44DA-8BB4-BAF4E76345BA}.Release|x86.ActiveCfg = Release|Any CPU
		{037CBFB1-0330-44DA-8BB4-BAF4E76345BA}.Release|x86.Build.0 = Release|Any CPU
		{037CBFB1-0330-44DA-8BB4-BAF4E76345BA}.Release|x86.Deploy.0 = Release|Any CPU
		{5D1EA945-2E10-419F-B355-A88899F58A12}.Debug|Any CPU.ActiveCfg = Debug|iPhoneSimulator
		{5D1EA945-2E10-419F-B355-A88899F58A12}.Debug|Any CPU.Build.0 = Debug|iPhoneSimulator
		{5D1EA945-2E10-419F-B355-A88899F58A12}.Debug|Any CPU.Deploy.0 = Debug|iPhoneSimulator
		{5D1EA945-2E10-419F-B355-A88899F58A12}.Debug|ARM.ActiveCfg = Debug|iPhone
		{5D1EA945-2E10-419F-B355-A88899F58A12}.Debug|ARM.Build.0 = Debug|iPhone
		{5D1EA945-2E10-419F-B355-A88899F58A12}.Debug|ARM.Deploy.0 = Debug|iPhone
		{5D1EA945-2E10-419F-B355-A88899F58A12}.Debug|iPhone.ActiveCfg = Debug|iPhone
		{5D1EA945-2E10-419F-B355-A88899F58A12}.Debug|iPhone.Build.0 = Debug|iPhone
		{5D1EA945-2E10-419F-B355-A88899F58A12}.Debug|iPhone.Deploy.0 = Debug|iPhone
		{5D1EA945-2E10-419F-B355-A88899F58A12}.Debug|iPhoneSimulator.ActiveCfg = Debug|iPhoneSimulator
		{5D1EA945-2E10-419F-B355-A88899F58A12}.Debug|iPhoneSimulator.Build.0 = Debug|iPhoneSimulator
		{5D1EA945-2E10-419F-B355-A88899F58A12}.Debug|iPhoneSimulator.Deploy.0 = Debug|iPhoneSimulator
		{5D1EA945-2E10-419F-B355-A88899F58A12}.Debug|x64.ActiveCfg = Debug|iPhoneSimulator
		{5D1EA945-2E10-419F-B355-A88899F58A12}.Debug|x64.Build.0 = Debug|iPhoneSimulator
		{5D1EA945-2E10-419F-B355-A88899F58A12}.Debug|x64.Deploy.0 = Debug|iPhoneSimulator
		{5D1EA945-2E10-419F-B355-A88899F58A12}.Debug|x86.ActiveCfg = Debug|iPhoneSimulator
		{5D1EA945-2E10-419F-B355-A88899F58A12}.Debug|x86.Build.0 = Debug|iPhoneSimulator
		{5D1EA945-2E10-419F-B355-A88899F58A12}.Debug|x86.Deploy.0 = Debug|iPhoneSimulator
		{5D1EA945-2E10-419F-B355-A88899F58A12}.Release|Any CPU.ActiveCfg = Release|iPhoneSimulator
		{5D1EA945-2E10-419F-B355-A88899F58A12}.Release|Any CPU.Build.0 = Release|iPhoneSimulator
		{5D1EA945-2E10-419F-B355-A88899F58A12}.Release|Any CPU.Deploy.0 = Release|iPhoneSimulator
		{5D1EA945-2E10-419F-B355-A88899F58A12}.Release|ARM.ActiveCfg = Release|iPhoneSimulator
		{5D1EA945-2E10-419F-B355-A88899F58A12}.Release|ARM.Build.0 = Release|iPhoneSimulator
		{5D1EA945-2E10-419F-B355-A88899F58A12}.Release|ARM.Deploy.0 = Release|iPhoneSimulator
		{5D1EA945-2E10-419F-B355-A88899F58A12}.Release|iPhone.ActiveCfg = Release|iPhone
		{5D1EA945-2E10-419F-B355-A88899F58A12}.Release|iPhone.Build.0 = Release|iPhone
		{5D1EA945-2E10-419F-B355-A88899F58A12}.Release|iPhone.Deploy.0 = Release|iPhone
		{5D1EA945-2E10-419F-B355-A88899F58A12}.Release|iPhoneSimulator.ActiveCfg = Release|iPhoneSimulator
		{5D1EA945-2E10-419F-B355-A88899F58A12}.Release|iPhoneSimulator.Build.0 = Release|iPhoneSimulator
		{5D1EA945-2E10-419F-B355-A88899F58A12}.Release|iPhoneSimulator.Deploy.0 = Release|iPhoneSimulator
		{5D1EA945-2E10-419F-B355-A88899F58A12}.Release|x64.ActiveCfg = Release|iPhoneSimulator
		{5D1EA945-2E10-419F-B355-A88899F58A12}.Release|x64.Build.0 = Release|iPhoneSimulator
		{5D1EA945-2E10-419F-B355-A88899F58A12}.Release|x64.Deploy.0 = Release|iPhoneSimulator
		{5D1EA945-2E10-419F-B355-A88899F58A12}.Release|x86.ActiveCfg = Release|iPhoneSimulator
		{5D1EA945-2E10-419F-B355-A88899F58A12}.Release|x86.Build.0 = Release|iPhoneSimulator
		{5D1EA945-2E10-419F-B355-A88899F58A12}.Release|x86.Deploy.0 = Release|iPhoneSimulator
		{5863EAE4-944E-46F8-AF94-3282BC6355B0}.Debug|Any CPU.ActiveCfg = Debug|Any CPU
		{5863EAE4-944E-46F8-AF94-3282BC6355B0}.Debug|Any CPU.Build.0 = Debug|Any CPU
		{5863EAE4-944E-46F8-AF94-3282BC6355B0}.Debug|Any CPU.Deploy.0 = Debug|Any CPU
		{5863EAE4-944E-46F8-AF94-3282BC6355B0}.Debug|ARM.ActiveCfg = Debug|Any CPU
		{5863EAE4-944E-46F8-AF94-3282BC6355B0}.Debug|ARM.Build.0 = Debug|Any CPU
		{5863EAE4-944E-46F8-AF94-3282BC6355B0}.Debug|ARM.Deploy.0 = Debug|Any CPU
		{5863EAE4-944E-46F8-AF94-3282BC6355B0}.Debug|iPhone.ActiveCfg = Debug|Any CPU
		{5863EAE4-944E-46F8-AF94-3282BC6355B0}.Debug|iPhone.Build.0 = Debug|Any CPU
		{5863EAE4-944E-46F8-AF94-3282BC6355B0}.Debug|iPhone.Deploy.0 = Debug|Any CPU
		{5863EAE4-944E-46F8-AF94-3282BC6355B0}.Debug|iPhoneSimulator.ActiveCfg = Debug|Any CPU
		{5863EAE4-944E-46F8-AF94-3282BC6355B0}.Debug|iPhoneSimulator.Build.0 = Debug|Any CPU
		{5863EAE4-944E-46F8-AF94-3282BC6355B0}.Debug|iPhoneSimulator.Deploy.0 = Debug|Any CPU
		{5863EAE4-944E-46F8-AF94-3282BC6355B0}.Debug|x64.ActiveCfg = Debug|Any CPU
		{5863EAE4-944E-46F8-AF94-3282BC6355B0}.Debug|x64.Build.0 = Debug|Any CPU
		{5863EAE4-944E-46F8-AF94-3282BC6355B0}.Debug|x64.Deploy.0 = Debug|Any CPU
		{5863EAE4-944E-46F8-AF94-3282BC6355B0}.Debug|x86.ActiveCfg = Debug|Any CPU
		{5863EAE4-944E-46F8-AF94-3282BC6355B0}.Debug|x86.Build.0 = Debug|Any CPU
		{5863EAE4-944E-46F8-AF94-3282BC6355B0}.Debug|x86.Deploy.0 = Debug|Any CPU
		{5863EAE4-944E-46F8-AF94-3282BC6355B0}.Release|Any CPU.ActiveCfg = Release|Any CPU
		{5863EAE4-944E-46F8-AF94-3282BC6355B0}.Release|Any CPU.Build.0 = Release|Any CPU
		{5863EAE4-944E-46F8-AF94-3282BC6355B0}.Release|Any CPU.Deploy.0 = Release|Any CPU
		{5863EAE4-944E-46F8-AF94-3282BC6355B0}.Release|ARM.ActiveCfg = Release|Any CPU
		{5863EAE4-944E-46F8-AF94-3282BC6355B0}.Release|ARM.Build.0 = Release|Any CPU
		{5863EAE4-944E-46F8-AF94-3282BC6355B0}.Release|ARM.Deploy.0 = Release|Any CPU
		{5863EAE4-944E-46F8-AF94-3282BC6355B0}.Release|iPhone.ActiveCfg = Release|Any CPU
		{5863EAE4-944E-46F8-AF94-3282BC6355B0}.Release|iPhone.Build.0 = Release|Any CPU
		{5863EAE4-944E-46F8-AF94-3282BC6355B0}.Release|iPhone.Deploy.0 = Release|Any CPU
		{5863EAE4-944E-46F8-AF94-3282BC6355B0}.Release|iPhoneSimulator.ActiveCfg = Release|Any CPU
		{5863EAE4-944E-46F8-AF94-3282BC6355B0}.Release|iPhoneSimulator.Build.0 = Release|Any CPU
		{5863EAE4-944E-46F8-AF94-3282BC6355B0}.Release|iPhoneSimulator.Deploy.0 = Release|Any CPU
		{5863EAE4-944E-46F8-AF94-3282BC6355B0}.Release|x64.ActiveCfg = Release|Any CPU
		{5863EAE4-944E-46F8-AF94-3282BC6355B0}.Release|x64.Build.0 = Release|Any CPU
		{5863EAE4-944E-46F8-AF94-3282BC6355B0}.Release|x64.Deploy.0 = Release|Any CPU
		{5863EAE4-944E-46F8-AF94-3282BC6355B0}.Release|x86.ActiveCfg = Release|Any CPU
		{5863EAE4-944E-46F8-AF94-3282BC6355B0}.Release|x86.Build.0 = Release|Any CPU
		{5863EAE4-944E-46F8-AF94-3282BC6355B0}.Release|x86.Deploy.0 = Release|Any CPU
	EndGlobalSection
	GlobalSection(SolutionProperties) = preSolution
		HideSolutionNode = FALSE
	EndGlobalSection
	GlobalSection(ExtensibilityGlobals) = postSolution
		SolutionGuid = {29B22C95-D053-4DF8-BE09-67006964A7CF}
	EndGlobalSection
EndGlobal
